// !$*UTF8*$!
{
	archiveVersion = 1;
	classes = {
	};
	objectVersion = 51;
	objects = {

/* Begin PBXBuildFile section */
		D709F0FC223FCE1D00E4E769 /* RootController.swift in Sources */ = {isa = PBXBuildFile; fileRef = D709F0FB223FCE1D00E4E769 /* RootController.swift */; };
		D709F0FE223FCFC100E4E769 /* RootHeaderController.swift in Sources */ = {isa = PBXBuildFile; fileRef = D709F0FD223FCFC100E4E769 /* RootHeaderController.swift */; };
		D709F100223FD86900E4E769 /* TopRootView.swift in Sources */ = {isa = PBXBuildFile; fileRef = D709F0FF223FD86900E4E769 /* TopRootView.swift */; };
		D709F1022240568700E4E769 /* TopRootThoughtCell.swift in Sources */ = {isa = PBXBuildFile; fileRef = D709F1012240568700E4E769 /* TopRootThoughtCell.swift */; };
		D709F1042240A7D000E4E769 /* UICollectionView.swift in Sources */ = {isa = PBXBuildFile; fileRef = D709F1032240A7D000E4E769 /* UICollectionView.swift */; };
		D709F1062240B05600E4E769 /* UISearchBar.swift in Sources */ = {isa = PBXBuildFile; fileRef = D709F1052240B05600E4E769 /* UISearchBar.swift */; };
		D709F1082240B0B300E4E769 /* UIStackView.swift in Sources */ = {isa = PBXBuildFile; fileRef = D709F1072240B0B300E4E769 /* UIStackView.swift */; };
		D709F10A2240B1B100E4E769 /* UITableView.swift in Sources */ = {isa = PBXBuildFile; fileRef = D709F1092240B1B100E4E769 /* UITableView.swift */; };
		D709F10C2240B5B000E4E769 /* UIViewController.swift in Sources */ = {isa = PBXBuildFile; fileRef = D709F10B2240B5B000E4E769 /* UIViewController.swift */; };
		D73040842235AC4B00C870FF /* EntryCount.swift in Sources */ = {isa = PBXBuildFile; fileRef = D73040832235AC4B00C870FF /* EntryCount.swift */; };
		D73040862235AEC400C870FF /* Manager.swift in Sources */ = {isa = PBXBuildFile; fileRef = D73040852235AEC400C870FF /* Manager.swift */; };
		D73040892235B7E900C870FF /* ManagedObjectContext.swift in Sources */ = {isa = PBXBuildFile; fileRef = D73040882235B7E900C870FF /* ManagedObjectContext.swift */; };
		D730408B2235BFAE00C870FF /* TextEntryPreview.swift in Sources */ = {isa = PBXBuildFile; fileRef = D730408A2235BFAE00C870FF /* TextEntryPreview.swift */; };
		D730408D2235C10800C870FF /* RecordingEntryPreview.swift in Sources */ = {isa = PBXBuildFile; fileRef = D730408C2235C10800C870FF /* RecordingEntryPreview.swift */; };
		D73040922235C45800C870FF /* MediaEntryPreview.swift in Sources */ = {isa = PBXBuildFile; fileRef = D73040912235C45800C870FF /* MediaEntryPreview.swift */; };
		D73040962235C8BF00C870FF /* EntryProtocol.swift in Sources */ = {isa = PBXBuildFile; fileRef = D73040952235C8BF00C870FF /* EntryProtocol.swift */; };
		D73040992235E86800C870FF /* Replicator.swift in Sources */ = {isa = PBXBuildFile; fileRef = D73040982235E86800C870FF /* Replicator.swift */; };
		D734F3AE22429E3400B5C7AF /* ModelDataManager.swift in Sources */ = {isa = PBXBuildFile; fileRef = D734F3AD22429E3400B5C7AF /* ModelDataManager.swift */; };
		D734F3B12242BBC500B5C7AF /* EntryListController.swift in Sources */ = {isa = PBXBuildFile; fileRef = D734F3B02242BBC500B5C7AF /* EntryListController.swift */; };
		D747CBE0224B49CF0008AAAE /* EntryImageCell.swift in Sources */ = {isa = PBXBuildFile; fileRef = D747CBDF224B49CF0008AAAE /* EntryImageCell.swift */; };
		D747CBE2224BADBF0008AAAE /* EntryDataManager.swift in Sources */ = {isa = PBXBuildFile; fileRef = D747CBE1224BADBF0008AAAE /* EntryDataManager.swift */; };
		D766599322434D53006A1C14 /* EntryListView.swift in Sources */ = {isa = PBXBuildFile; fileRef = D766599222434D53006A1C14 /* EntryListView.swift */; };
		D766599622435161006A1C14 /* EntryListTextCell.swift in Sources */ = {isa = PBXBuildFile; fileRef = D766599522435161006A1C14 /* EntryListTextCell.swift */; };
		D7665998224352DD006A1C14 /* EntryListViewModel.swift in Sources */ = {isa = PBXBuildFile; fileRef = D7665997224352DD006A1C14 /* EntryListViewModel.swift */; };
		D79A5DDF2241244200666D52 /* EntryTypeCollection.swift in Sources */ = {isa = PBXBuildFile; fileRef = D79A5DDE2241244200666D52 /* EntryTypeCollection.swift */; };
		D79A5DE122416F1400666D52 /* RootHeaderViewModel.swift in Sources */ = {isa = PBXBuildFile; fileRef = D79A5DE022416F1400666D52 /* RootHeaderViewModel.swift */; };
		D7D6B4352234BAC60091F522 /* AppDelegate.swift in Sources */ = {isa = PBXBuildFile; fileRef = D7D6B4342234BAC60091F522 /* AppDelegate.swift */; };
		D7D6B43A2234BAC60091F522 /* Main.storyboard in Resources */ = {isa = PBXBuildFile; fileRef = D7D6B4382234BAC60091F522 /* Main.storyboard */; };
		D7D6B43C2234BAC70091F522 /* Assets.xcassets in Resources */ = {isa = PBXBuildFile; fileRef = D7D6B43B2234BAC70091F522 /* Assets.xcassets */; };
		D7D6B43F2234BAC70091F522 /* LaunchScreen.storyboard in Resources */ = {isa = PBXBuildFile; fileRef = D7D6B43D2234BAC70091F522 /* LaunchScreen.storyboard */; };
		D7D6B44C2234BBC70091F522 /* Styling.swift in Sources */ = {isa = PBXBuildFile; fileRef = D7D6B44B2234BBC70091F522 /* Styling.swift */; };
		D7D6B4502234BBF40091F522 /* Development.swift in Sources */ = {isa = PBXBuildFile; fileRef = D7D6B44F2234BBF40091F522 /* Development.swift */; };
		D7D6B4522234BBFF0091F522 /* Device.swift in Sources */ = {isa = PBXBuildFile; fileRef = D7D6B4512234BBFF0091F522 /* Device.swift */; };
		D7D6B4542234BC190091F522 /* Defaults.swift in Sources */ = {isa = PBXBuildFile; fileRef = D7D6B4532234BC190091F522 /* Defaults.swift */; };
		D7D6B4562234BC450091F522 /* UIView.swift in Sources */ = {isa = PBXBuildFile; fileRef = D7D6B4552234BC450091F522 /* UIView.swift */; };
		D7D6B4582234BC520091F522 /* UIColor.swift in Sources */ = {isa = PBXBuildFile; fileRef = D7D6B4572234BC520091F522 /* UIColor.swift */; };
		D7D6B45A2234BC760091F522 /* Array.swift in Sources */ = {isa = PBXBuildFile; fileRef = D7D6B4592234BC760091F522 /* Array.swift */; };
		D7D6B45C2234BC840091F522 /* UIImage.swift in Sources */ = {isa = PBXBuildFile; fileRef = D7D6B45B2234BC840091F522 /* UIImage.swift */; };
		D7D6B45E2234BC950091F522 /* UIImageView.swift in Sources */ = {isa = PBXBuildFile; fileRef = D7D6B45D2234BC950091F522 /* UIImageView.swift */; };
		D7D6B4602234BCA20091F522 /* UILabel.swift in Sources */ = {isa = PBXBuildFile; fileRef = D7D6B45F2234BCA20091F522 /* UILabel.swift */; };
		D7D6B4622234BCB30091F522 /* UITextField.swift in Sources */ = {isa = PBXBuildFile; fileRef = D7D6B4612234BCB30091F522 /* UITextField.swift */; };
		D7D6B4642234BCBD0091F522 /* UITextView.swift in Sources */ = {isa = PBXBuildFile; fileRef = D7D6B4632234BCBD0091F522 /* UITextView.swift */; };
		D7D6B4662234BCCB0091F522 /* DateFormatter.swift in Sources */ = {isa = PBXBuildFile; fileRef = D7D6B4652234BCCB0091F522 /* DateFormatter.swift */; };
		D7D6B4682234BCD30091F522 /* Sequence.swift in Sources */ = {isa = PBXBuildFile; fileRef = D7D6B4672234BCD30091F522 /* Sequence.swift */; };
		D7D6B46A2234BCE20091F522 /* MutableCollection.swift in Sources */ = {isa = PBXBuildFile; fileRef = D7D6B4692234BCE20091F522 /* MutableCollection.swift */; };
		D7D6B46C2234BD240091F522 /* ThoughtPreview.swift in Sources */ = {isa = PBXBuildFile; fileRef = D7D6B46B2234BD240091F522 /* ThoughtPreview.swift */; };
		D7D6B46E2234BDA10091F522 /* PersistantService.swift in Sources */ = {isa = PBXBuildFile; fileRef = D7D6B46D2234BDA10091F522 /* PersistantService.swift */; };
		D7D6B4702234BDDF0091F522 /* ThoughtIcon.swift in Sources */ = {isa = PBXBuildFile; fileRef = D7D6B46F2234BDDF0091F522 /* ThoughtIcon.swift */; };
		D7D6B4732234BE560091F522 /* rt-pDB.xcdatamodeld in Sources */ = {isa = PBXBuildFile; fileRef = D7D6B4712234BE560091F522 /* rt-pDB.xcdatamodeld */; };
		D7D6B47E2234C3CB0091F522 /* MediaEntry.swift in Sources */ = {isa = PBXBuildFile; fileRef = D7D6B4742234C3CB0091F522 /* MediaEntry.swift */; };
		D7D6B4802234C3CB0091F522 /* RecordingEntry.swift in Sources */ = {isa = PBXBuildFile; fileRef = D7D6B4762234C3CB0091F522 /* RecordingEntry.swift */; };
		D7D6B4822234C3CB0091F522 /* TextEntry.swift in Sources */ = {isa = PBXBuildFile; fileRef = D7D6B4782234C3CB0091F522 /* TextEntry.swift */; };
		D7D6B4842234C3CB0091F522 /* LinkEntry.swift in Sources */ = {isa = PBXBuildFile; fileRef = D7D6B47A2234C3CB0091F522 /* LinkEntry.swift */; };
		D7D6B4862234C3CB0091F522 /* Thought.swift in Sources */ = {isa = PBXBuildFile; fileRef = D7D6B47C2234C3CB0091F522 /* Thought.swift */; };
		D7D6B48E2234C49B0091F522 /* LinkEntryPreview.swift in Sources */ = {isa = PBXBuildFile; fileRef = D7D6B48D2234C49B0091F522 /* LinkEntryPreview.swift */; };
		D7FC0C2A224A85C60020AE21 /* String.swift in Sources */ = {isa = PBXBuildFile; fileRef = D7FC0C29224A85C60020AE21 /* String.swift */; };
/* End PBXBuildFile section */

/* Begin PBXFileReference section */
		D709F0FB223FCE1D00E4E769 /* RootController.swift */ = {isa = PBXFileReference; lastKnownFileType = sourcecode.swift; path = RootController.swift; sourceTree = "<group>"; };
		D709F0FD223FCFC100E4E769 /* RootHeaderController.swift */ = {isa = PBXFileReference; lastKnownFileType = sourcecode.swift; path = RootHeaderController.swift; sourceTree = "<group>"; };
		D709F0FF223FD86900E4E769 /* TopRootView.swift */ = {isa = PBXFileReference; lastKnownFileType = sourcecode.swift; path = TopRootView.swift; sourceTree = "<group>"; };
		D709F1012240568700E4E769 /* TopRootThoughtCell.swift */ = {isa = PBXFileReference; lastKnownFileType = sourcecode.swift; path = TopRootThoughtCell.swift; sourceTree = "<group>"; };
		D709F1032240A7D000E4E769 /* UICollectionView.swift */ = {isa = PBXFileReference; lastKnownFileType = sourcecode.swift; path = UICollectionView.swift; sourceTree = "<group>"; };
		D709F1052240B05600E4E769 /* UISearchBar.swift */ = {isa = PBXFileReference; lastKnownFileType = sourcecode.swift; path = UISearchBar.swift; sourceTree = "<group>"; };
		D709F1072240B0B300E4E769 /* UIStackView.swift */ = {isa = PBXFileReference; lastKnownFileType = sourcecode.swift; path = UIStackView.swift; sourceTree = "<group>"; };
		D709F1092240B1B100E4E769 /* UITableView.swift */ = {isa = PBXFileReference; lastKnownFileType = sourcecode.swift; path = UITableView.swift; sourceTree = "<group>"; };
		D709F10B2240B5B000E4E769 /* UIViewController.swift */ = {isa = PBXFileReference; lastKnownFileType = sourcecode.swift; path = UIViewController.swift; sourceTree = "<group>"; };
		D73040832235AC4B00C870FF /* EntryCount.swift */ = {isa = PBXFileReference; lastKnownFileType = sourcecode.swift; path = EntryCount.swift; sourceTree = "<group>"; };
		D73040852235AEC400C870FF /* Manager.swift */ = {isa = PBXFileReference; lastKnownFileType = sourcecode.swift; path = Manager.swift; sourceTree = "<group>"; };
		D73040882235B7E900C870FF /* ManagedObjectContext.swift */ = {isa = PBXFileReference; lastKnownFileType = sourcecode.swift; path = ManagedObjectContext.swift; sourceTree = "<group>"; };
		D730408A2235BFAE00C870FF /* TextEntryPreview.swift */ = {isa = PBXFileReference; lastKnownFileType = sourcecode.swift; path = TextEntryPreview.swift; sourceTree = "<group>"; };
		D730408C2235C10800C870FF /* RecordingEntryPreview.swift */ = {isa = PBXFileReference; lastKnownFileType = sourcecode.swift; path = RecordingEntryPreview.swift; sourceTree = "<group>"; };
		D73040912235C45800C870FF /* MediaEntryPreview.swift */ = {isa = PBXFileReference; lastKnownFileType = sourcecode.swift; path = MediaEntryPreview.swift; sourceTree = "<group>"; };
		D73040952235C8BF00C870FF /* EntryProtocol.swift */ = {isa = PBXFileReference; lastKnownFileType = sourcecode.swift; path = EntryProtocol.swift; sourceTree = "<group>"; };
		D73040982235E86800C870FF /* Replicator.swift */ = {isa = PBXFileReference; lastKnownFileType = sourcecode.swift; path = Replicator.swift; sourceTree = "<group>"; };
		D734F3AD22429E3400B5C7AF /* ModelDataManager.swift */ = {isa = PBXFileReference; lastKnownFileType = sourcecode.swift; path = ModelDataManager.swift; sourceTree = "<group>"; };
		D734F3B02242BBC500B5C7AF /* EntryListController.swift */ = {isa = PBXFileReference; lastKnownFileType = sourcecode.swift; path = EntryListController.swift; sourceTree = "<group>"; };
		D747CBDF224B49CF0008AAAE /* EntryImageCell.swift */ = {isa = PBXFileReference; lastKnownFileType = sourcecode.swift; path = EntryImageCell.swift; sourceTree = "<group>"; };
		D747CBE1224BADBF0008AAAE /* EntryDataManager.swift */ = {isa = PBXFileReference; lastKnownFileType = sourcecode.swift; path = EntryDataManager.swift; sourceTree = "<group>"; };
		D766599222434D53006A1C14 /* EntryListView.swift */ = {isa = PBXFileReference; lastKnownFileType = sourcecode.swift; path = EntryListView.swift; sourceTree = "<group>"; };
		D766599522435161006A1C14 /* EntryListTextCell.swift */ = {isa = PBXFileReference; lastKnownFileType = sourcecode.swift; path = EntryListTextCell.swift; sourceTree = "<group>"; };
		D7665997224352DD006A1C14 /* EntryListViewModel.swift */ = {isa = PBXFileReference; lastKnownFileType = sourcecode.swift; path = EntryListViewModel.swift; sourceTree = "<group>"; };
		D79A5DDE2241244200666D52 /* EntryTypeCollection.swift */ = {isa = PBXFileReference; lastKnownFileType = sourcecode.swift; path = EntryTypeCollection.swift; sourceTree = "<group>"; };
		D79A5DE022416F1400666D52 /* RootHeaderViewModel.swift */ = {isa = PBXFileReference; lastKnownFileType = sourcecode.swift; path = RootHeaderViewModel.swift; sourceTree = "<group>"; };
		D7D6B4312234BAC60091F522 /* Rethought-project.app */ = {isa = PBXFileReference; explicitFileType = wrapper.application; includeInIndex = 0; path = "Rethought-project.app"; sourceTree = BUILT_PRODUCTS_DIR; };
		D7D6B4342234BAC60091F522 /* AppDelegate.swift */ = {isa = PBXFileReference; lastKnownFileType = sourcecode.swift; path = AppDelegate.swift; sourceTree = "<group>"; };
		D7D6B4392234BAC60091F522 /* Base */ = {isa = PBXFileReference; lastKnownFileType = file.storyboard; name = Base; path = Base.lproj/Main.storyboard; sourceTree = "<group>"; };
		D7D6B43B2234BAC70091F522 /* Assets.xcassets */ = {isa = PBXFileReference; lastKnownFileType = folder.assetcatalog; path = Assets.xcassets; sourceTree = "<group>"; };
		D7D6B43E2234BAC70091F522 /* Base */ = {isa = PBXFileReference; lastKnownFileType = file.storyboard; name = Base; path = Base.lproj/LaunchScreen.storyboard; sourceTree = "<group>"; };
		D7D6B4402234BAC70091F522 /* Info.plist */ = {isa = PBXFileReference; lastKnownFileType = text.plist.xml; path = Info.plist; sourceTree = "<group>"; };
		D7D6B44B2234BBC70091F522 /* Styling.swift */ = {isa = PBXFileReference; lastKnownFileType = sourcecode.swift; path = Styling.swift; sourceTree = "<group>"; };
		D7D6B44F2234BBF40091F522 /* Development.swift */ = {isa = PBXFileReference; lastKnownFileType = sourcecode.swift; path = Development.swift; sourceTree = "<group>"; };
		D7D6B4512234BBFF0091F522 /* Device.swift */ = {isa = PBXFileReference; lastKnownFileType = sourcecode.swift; path = Device.swift; sourceTree = "<group>"; };
		D7D6B4532234BC190091F522 /* Defaults.swift */ = {isa = PBXFileReference; lastKnownFileType = sourcecode.swift; path = Defaults.swift; sourceTree = "<group>"; };
		D7D6B4552234BC450091F522 /* UIView.swift */ = {isa = PBXFileReference; lastKnownFileType = sourcecode.swift; path = UIView.swift; sourceTree = "<group>"; };
		D7D6B4572234BC520091F522 /* UIColor.swift */ = {isa = PBXFileReference; lastKnownFileType = sourcecode.swift; path = UIColor.swift; sourceTree = "<group>"; };
		D7D6B4592234BC760091F522 /* Array.swift */ = {isa = PBXFileReference; lastKnownFileType = sourcecode.swift; path = Array.swift; sourceTree = "<group>"; };
		D7D6B45B2234BC840091F522 /* UIImage.swift */ = {isa = PBXFileReference; lastKnownFileType = sourcecode.swift; path = UIImage.swift; sourceTree = "<group>"; };
		D7D6B45D2234BC950091F522 /* UIImageView.swift */ = {isa = PBXFileReference; lastKnownFileType = sourcecode.swift; path = UIImageView.swift; sourceTree = "<group>"; };
		D7D6B45F2234BCA20091F522 /* UILabel.swift */ = {isa = PBXFileReference; lastKnownFileType = sourcecode.swift; path = UILabel.swift; sourceTree = "<group>"; };
		D7D6B4612234BCB30091F522 /* UITextField.swift */ = {isa = PBXFileReference; lastKnownFileType = sourcecode.swift; path = UITextField.swift; sourceTree = "<group>"; };
		D7D6B4632234BCBD0091F522 /* UITextView.swift */ = {isa = PBXFileReference; lastKnownFileType = sourcecode.swift; path = UITextView.swift; sourceTree = "<group>"; };
		D7D6B4652234BCCB0091F522 /* DateFormatter.swift */ = {isa = PBXFileReference; lastKnownFileType = sourcecode.swift; path = DateFormatter.swift; sourceTree = "<group>"; };
		D7D6B4672234BCD30091F522 /* Sequence.swift */ = {isa = PBXFileReference; lastKnownFileType = sourcecode.swift; path = Sequence.swift; sourceTree = "<group>"; };
		D7D6B4692234BCE20091F522 /* MutableCollection.swift */ = {isa = PBXFileReference; lastKnownFileType = sourcecode.swift; path = MutableCollection.swift; sourceTree = "<group>"; };
		D7D6B46B2234BD240091F522 /* ThoughtPreview.swift */ = {isa = PBXFileReference; lastKnownFileType = sourcecode.swift; path = ThoughtPreview.swift; sourceTree = "<group>"; };
		D7D6B46D2234BDA10091F522 /* PersistantService.swift */ = {isa = PBXFileReference; lastKnownFileType = sourcecode.swift; path = PersistantService.swift; sourceTree = "<group>"; };
		D7D6B46F2234BDDF0091F522 /* ThoughtIcon.swift */ = {isa = PBXFileReference; lastKnownFileType = sourcecode.swift; path = ThoughtIcon.swift; sourceTree = "<group>"; };
		D7D6B4722234BE560091F522 /* rt-pDB.xcdatamodel */ = {isa = PBXFileReference; lastKnownFileType = wrapper.xcdatamodel; path = "rt-pDB.xcdatamodel"; sourceTree = "<group>"; };
		D7D6B4742234C3CB0091F522 /* MediaEntry.swift */ = {isa = PBXFileReference; lastKnownFileType = sourcecode.swift; path = MediaEntry.swift; sourceTree = "<group>"; };
		D7D6B4762234C3CB0091F522 /* RecordingEntry.swift */ = {isa = PBXFileReference; lastKnownFileType = sourcecode.swift; path = RecordingEntry.swift; sourceTree = "<group>"; };
		D7D6B4782234C3CB0091F522 /* TextEntry.swift */ = {isa = PBXFileReference; lastKnownFileType = sourcecode.swift; path = TextEntry.swift; sourceTree = "<group>"; };
		D7D6B47A2234C3CB0091F522 /* LinkEntry.swift */ = {isa = PBXFileReference; lastKnownFileType = sourcecode.swift; path = LinkEntry.swift; sourceTree = "<group>"; };
		D7D6B47C2234C3CB0091F522 /* Thought.swift */ = {isa = PBXFileReference; lastKnownFileType = sourcecode.swift; path = Thought.swift; sourceTree = "<group>"; };
		D7D6B48D2234C49B0091F522 /* LinkEntryPreview.swift */ = {isa = PBXFileReference; lastKnownFileType = sourcecode.swift; path = LinkEntryPreview.swift; sourceTree = "<group>"; };
		D7FC0C29224A85C60020AE21 /* String.swift */ = {isa = PBXFileReference; lastKnownFileType = sourcecode.swift; path = String.swift; sourceTree = "<group>"; };
/* End PBXFileReference section */

/* Begin PBXFrameworksBuildPhase section */
		D7D6B42E2234BAC60091F522 /* Frameworks */ = {
			isa = PBXFrameworksBuildPhase;
			buildActionMask = 2147483647;
			files = (
			);
			runOnlyForDeploymentPostprocessing = 0;
		};
/* End PBXFrameworksBuildPhase section */

/* Begin PBXGroup section */
		D709F0FA223FCE0100E4E769 /* root */ = {
			isa = PBXGroup;
			children = (
				D709F0FB223FCE1D00E4E769 /* RootController.swift */,
				D709F10D2240BEAF00E4E769 /* RootHeader */,
			);
			path = root;
			sourceTree = "<group>";
		};
		D709F10D2240BEAF00E4E769 /* RootHeader */ = {
			isa = PBXGroup;
			children = (
				D709F0FD223FCFC100E4E769 /* RootHeaderController.swift */,
				D709F0FF223FD86900E4E769 /* TopRootView.swift */,
				D709F1012240568700E4E769 /* TopRootThoughtCell.swift */,
				D79A5DDE2241244200666D52 /* EntryTypeCollection.swift */,
			);
			path = RootHeader;
			sourceTree = "<group>";
		};
		D73040872235B1AB00C870FF /* coredata */ = {
			isa = PBXGroup;
			children = (
				D73040852235AEC400C870FF /* Manager.swift */,
				D7D6B46D2234BDA10091F522 /* PersistantService.swift */,
				D73040882235B7E900C870FF /* ManagedObjectContext.swift */,
			);
			path = coredata;
			sourceTree = "<group>";
		};
		D730408E2235C15A00C870FF /* viewmodels */ = {
			isa = PBXGroup;
			children = (
				D79A5DE022416F1400666D52 /* RootHeaderViewModel.swift */,
				D734F3AD22429E3400B5C7AF /* ModelDataManager.swift */,
				D747CBE1224BADBF0008AAAE /* EntryDataManager.swift */,
				D7665997224352DD006A1C14 /* EntryListViewModel.swift */,
			);
			path = viewmodels;
			sourceTree = "<group>";
		};
		D73040972235E85000C870FF /* replicator */ = {
			isa = PBXGroup;
			children = (
				D73040982235E86800C870FF /* Replicator.swift */,
			);
			path = replicator;
			sourceTree = "<group>";
		};
		D734F3AF2242BAF000B5C7AF /* EntryListView */ = {
			isa = PBXGroup;
			children = (
				D76659942243514F006A1C14 /* cells */,
				D734F3B02242BBC500B5C7AF /* EntryListController.swift */,
				D766599222434D53006A1C14 /* EntryListView.swift */,
			);
			path = EntryListView;
			sourceTree = "<group>";
		};
		D76659942243514F006A1C14 /* cells */ = {
			isa = PBXGroup;
			children = (
				D766599522435161006A1C14 /* EntryListTextCell.swift */,
				D747CBDF224B49CF0008AAAE /* EntryImageCell.swift */,
			);
			path = cells;
			sourceTree = "<group>";
		};
		D7D6B4282234BAC60091F522 = {
			isa = PBXGroup;
			children = (
				D7D6B4332234BAC60091F522 /* Rethought-project */,
			);
			sourceTree = "<group>";
		};
		D7D6B4322234BAC60091F522 /* Products */ = {
			isa = PBXGroup;
			children = (
				D7D6B4312234BAC60091F522 /* Rethought-project.app */,
			);
			name = Products;
			path = ..;
			sourceTree = "<group>";
		};
		D7D6B4332234BAC60091F522 /* Rethought-project */ = {
			isa = PBXGroup;
			children = (
				D7D6B4342234BAC60091F522 /* AppDelegate.swift */,
				D7D6B44A2234BB0A0091F522 /* resources */,
				D7D6B4492234BB010091F522 /* helpers */,
				D7D6B4482234BAF60091F522 /* extensions */,
				D7D6B4462234BAE00091F522 /* core */,
				D730408E2235C15A00C870FF /* viewmodels */,
				D7F746592237831700291EAC /* viewcontrollers */,
				D7D6B4402234BAC70091F522 /* Info.plist */,
				D7D6B4322234BAC60091F522 /* Products */,
			);
			path = "Rethought-project";
			sourceTree = "<group>";
		};
		D7D6B4462234BAE00091F522 /* core */ = {
			isa = PBXGroup;
			children = (
				D73040952235C8BF00C870FF /* EntryProtocol.swift */,
				D7D6B46B2234BD240091F522 /* ThoughtPreview.swift */,
				D7D6B48D2234C49B0091F522 /* LinkEntryPreview.swift */,
				D730408A2235BFAE00C870FF /* TextEntryPreview.swift */,
				D73040912235C45800C870FF /* MediaEntryPreview.swift */,
				D730408C2235C10800C870FF /* RecordingEntryPreview.swift */,
				D73040832235AC4B00C870FF /* EntryCount.swift */,
				D7D6B46F2234BDDF0091F522 /* ThoughtIcon.swift */,
				D7D6B4472234BAF00091F522 /* data */,
			);
			path = core;
			sourceTree = "<group>";
		};
		D7D6B4472234BAF00091F522 /* data */ = {
			isa = PBXGroup;
			children = (
				D7D6B4742234C3CB0091F522 /* MediaEntry.swift */,
				D7D6B4762234C3CB0091F522 /* RecordingEntry.swift */,
				D7D6B4782234C3CB0091F522 /* TextEntry.swift */,
				D7D6B47A2234C3CB0091F522 /* LinkEntry.swift */,
				D7D6B47C2234C3CB0091F522 /* Thought.swift */,
				D7D6B4712234BE560091F522 /* rt-pDB.xcdatamodeld */,
			);
			path = data;
			sourceTree = "<group>";
		};
		D7D6B4482234BAF60091F522 /* extensions */ = {
			isa = PBXGroup;
			children = (
				D7D6B4592234BC760091F522 /* Array.swift */,
				D7D6B4652234BCCB0091F522 /* DateFormatter.swift */,
				D7D6B4692234BCE20091F522 /* MutableCollection.swift */,
				D7D6B4672234BCD30091F522 /* Sequence.swift */,
				D7D6B4572234BC520091F522 /* UIColor.swift */,
				D709F1032240A7D000E4E769 /* UICollectionView.swift */,
				D7D6B45F2234BCA20091F522 /* UILabel.swift */,
				D7D6B45B2234BC840091F522 /* UIImage.swift */,
				D7D6B45D2234BC950091F522 /* UIImageView.swift */,
				D709F1052240B05600E4E769 /* UISearchBar.swift */,
				D7D6B4612234BCB30091F522 /* UITextField.swift */,
				D709F1072240B0B300E4E769 /* UIStackView.swift */,
				D709F1092240B1B100E4E769 /* UITableView.swift */,
				D7D6B4632234BCBD0091F522 /* UITextView.swift */,
				D7D6B4552234BC450091F522 /* UIView.swift */,
				D709F10B2240B5B000E4E769 /* UIViewController.swift */,
				D7FC0C29224A85C60020AE21 /* String.swift */,
			);
			path = extensions;
			sourceTree = "<group>";
		};
		D7D6B4492234BB010091F522 /* helpers */ = {
			isa = PBXGroup;
			children = (
				D73040972235E85000C870FF /* replicator */,
				D7D6B44B2234BBC70091F522 /* Styling.swift */,
				D7D6B44F2234BBF40091F522 /* Development.swift */,
				D7D6B4512234BBFF0091F522 /* Device.swift */,
				D7D6B4532234BC190091F522 /* Defaults.swift */,
				D73040872235B1AB00C870FF /* coredata */,
			);
			path = helpers;
			sourceTree = "<group>";
		};
		D7D6B44A2234BB0A0091F522 /* resources */ = {
			isa = PBXGroup;
			children = (
				D7D6B4382234BAC60091F522 /* Main.storyboard */,
				D7D6B43B2234BAC70091F522 /* Assets.xcassets */,
				D7D6B43D2234BAC70091F522 /* LaunchScreen.storyboard */,
			);
			path = resources;
			sourceTree = "<group>";
		};
		D7F746592237831700291EAC /* viewcontrollers */ = {
			isa = PBXGroup;
			children = (
				D734F3AF2242BAF000B5C7AF /* EntryListView */,
				D709F0FA223FCE0100E4E769 /* root */,
			);
			path = viewcontrollers;
			sourceTree = "<group>";
		};
/* End PBXGroup section */

/* Begin PBXNativeTarget section */
		D7D6B4302234BAC60091F522 /* Rethought-project */ = {
			isa = PBXNativeTarget;
			buildConfigurationList = D7D6B4432234BAC70091F522 /* Build configuration list for PBXNativeTarget "Rethought-project" */;
			buildPhases = (
				D7D6B42D2234BAC60091F522 /* Sources */,
				D7D6B42E2234BAC60091F522 /* Frameworks */,
				D7D6B42F2234BAC60091F522 /* Resources */,
				D7F7466122397D6A00291EAC /* ShellScript */,
			);
			buildRules = (
			);
			dependencies = (
			);
			name = "Rethought-project";
			productName = "Rethought-project";
			productReference = D7D6B4312234BAC60091F522 /* Rethought-project.app */;
			productType = "com.apple.product-type.application";
		};
/* End PBXNativeTarget section */

/* Begin PBXProject section */
		D7D6B4292234BAC60091F522 /* Project object */ = {
			isa = PBXProject;
			attributes = {
				LastSwiftUpdateCheck = 1010;
				LastUpgradeCheck = 1010;
				ORGANIZATIONNAME = Wesaturate;
				TargetAttributes = {
					D7D6B4302234BAC60091F522 = {
						CreatedOnToolsVersion = 10.1;
						LastSwiftMigration = 1020;
					};
				};
			};
			buildConfigurationList = D7D6B42C2234BAC60091F522 /* Build configuration list for PBXProject "Rethought-project" */;
			compatibilityVersion = "Xcode 10.0";
			developmentRegion = en;
			hasScannedForEncodings = 0;
			knownRegions = (
				en,
				Base,
			);
			mainGroup = D7D6B4282234BAC60091F522;
			productRefGroup = D7D6B4322234BAC60091F522 /* Products */;
			projectDirPath = "";
			projectRoot = "";
			targets = (
				D7D6B4302234BAC60091F522 /* Rethought-project */,
			);
		};
/* End PBXProject section */

/* Begin PBXResourcesBuildPhase section */
		D7D6B42F2234BAC60091F522 /* Resources */ = {
			isa = PBXResourcesBuildPhase;
			buildActionMask = 2147483647;
			files = (
				D7D6B43F2234BAC70091F522 /* LaunchScreen.storyboard in Resources */,
				D7D6B43C2234BAC70091F522 /* Assets.xcassets in Resources */,
				D7D6B43A2234BAC60091F522 /* Main.storyboard in Resources */,
			);
			runOnlyForDeploymentPostprocessing = 0;
		};
/* End PBXResourcesBuildPhase section */

/* Begin PBXShellScriptBuildPhase section */
		D7F7466122397D6A00291EAC /* ShellScript */ = {
			isa = PBXShellScriptBuildPhase;
			buildActionMask = 2147483647;
			files = (
			);
			inputFileListPaths = (
			);
			inputPaths = (
			);
			outputFileListPaths = (
			);
			outputPaths = (
			);
			runOnlyForDeploymentPostprocessing = 0;
			shellPath = /bin/sh;
			shellScript = "
";
		};
/* End PBXShellScriptBuildPhase section */

/* Begin PBXSourcesBuildPhase section */
		D7D6B42D2234BAC60091F522 /* Sources */ = {
			isa = PBXSourcesBuildPhase;
			buildActionMask = 2147483647;
			files = (
				D7D6B4662234BCCB0091F522 /* DateFormatter.swift in Sources */,
				D73040842235AC4B00C870FF /* EntryCount.swift in Sources */,
				D7D6B4562234BC450091F522 /* UIView.swift in Sources */,
				D7D6B47E2234C3CB0091F522 /* MediaEntry.swift in Sources */,
				D79A5DE122416F1400666D52 /* RootHeaderViewModel.swift in Sources */,
				D709F10A2240B1B100E4E769 /* UITableView.swift in Sources */,
				D7D6B45C2234BC840091F522 /* UIImage.swift in Sources */,
				D766599322434D53006A1C14 /* EntryListView.swift in Sources */,
				D7D6B45A2234BC760091F522 /* Array.swift in Sources */,
				D7D6B44C2234BBC70091F522 /* Styling.swift in Sources */,
				D7D6B4602234BCA20091F522 /* UILabel.swift in Sources */,
				D709F1022240568700E4E769 /* TopRootThoughtCell.swift in Sources */,
				D7D6B4732234BE560091F522 /* rt-pDB.xcdatamodeld in Sources */,
				D709F100223FD86900E4E769 /* TopRootView.swift in Sources */,
				D7FC0C2A224A85C60020AE21 /* String.swift in Sources */,
				D734F3AE22429E3400B5C7AF /* ModelDataManager.swift in Sources */,
				D730408D2235C10800C870FF /* RecordingEntryPreview.swift in Sources */,
				D747CBE2224BADBF0008AAAE /* EntryDataManager.swift in Sources */,
				D709F10C2240B5B000E4E769 /* UIViewController.swift in Sources */,
				D73040992235E86800C870FF /* Replicator.swift in Sources */,
				D7D6B4822234C3CB0091F522 /* TextEntry.swift in Sources */,
				D730408B2235BFAE00C870FF /* TextEntryPreview.swift in Sources */,
				D79A5DDF2241244200666D52 /* EntryTypeCollection.swift in Sources */,
				D7D6B4682234BCD30091F522 /* Sequence.swift in Sources */,
				D7D6B45E2234BC950091F522 /* UIImageView.swift in Sources */,
				D734F3B12242BBC500B5C7AF /* EntryListController.swift in Sources */,
				D7D6B46E2234BDA10091F522 /* PersistantService.swift in Sources */,
				D73040962235C8BF00C870FF /* EntryProtocol.swift in Sources */,
				D7665998224352DD006A1C14 /* EntryListViewModel.swift in Sources */,
				D7D6B48E2234C49B0091F522 /* LinkEntryPreview.swift in Sources */,
				D73040892235B7E900C870FF /* ManagedObjectContext.swift in Sources */,
				D73040922235C45800C870FF /* MediaEntryPreview.swift in Sources */,
				D709F1062240B05600E4E769 /* UISearchBar.swift in Sources */,
				D7D6B4702234BDDF0091F522 /* ThoughtIcon.swift in Sources */,
				D7D6B4802234C3CB0091F522 /* RecordingEntry.swift in Sources */,
				D7D6B4542234BC190091F522 /* Defaults.swift in Sources */,
				D7D6B46C2234BD240091F522 /* ThoughtPreview.swift in Sources */,
				D709F1042240A7D000E4E769 /* UICollectionView.swift in Sources */,
				D766599622435161006A1C14 /* EntryListTextCell.swift in Sources */,
				D7D6B4642234BCBD0091F522 /* UITextView.swift in Sources */,
				D73040862235AEC400C870FF /* Manager.swift in Sources */,
				D7D6B4582234BC520091F522 /* UIColor.swift in Sources */,
				D7D6B4862234C3CB0091F522 /* Thought.swift in Sources */,
				D709F0FC223FCE1D00E4E769 /* RootController.swift in Sources */,
				D7D6B4622234BCB30091F522 /* UITextField.swift in Sources */,
				D7D6B4352234BAC60091F522 /* AppDelegate.swift in Sources */,
				D7D6B46A2234BCE20091F522 /* MutableCollection.swift in Sources */,
				D7D6B4842234C3CB0091F522 /* LinkEntry.swift in Sources */,
				D7D6B4522234BBFF0091F522 /* Device.swift in Sources */,
				D747CBE0224B49CF0008AAAE /* EntryImageCell.swift in Sources */,
				D709F0FE223FCFC100E4E769 /* RootHeaderController.swift in Sources */,
				D7D6B4502234BBF40091F522 /* Development.swift in Sources */,
				D709F1082240B0B300E4E769 /* UIStackView.swift in Sources */,
			);
			runOnlyForDeploymentPostprocessing = 0;
		};
/* End PBXSourcesBuildPhase section */

/* Begin PBXVariantGroup section */
		D7D6B4382234BAC60091F522 /* Main.storyboard */ = {
			isa = PBXVariantGroup;
			children = (
				D7D6B4392234BAC60091F522 /* Base */,
			);
			name = Main.storyboard;
			sourceTree = "<group>";
		};
		D7D6B43D2234BAC70091F522 /* LaunchScreen.storyboard */ = {
			isa = PBXVariantGroup;
			children = (
				D7D6B43E2234BAC70091F522 /* Base */,
			);
			name = LaunchScreen.storyboard;
			sourceTree = "<group>";
		};
/* End PBXVariantGroup section */

/* Begin XCBuildConfiguration section */
		D7D6B4412234BAC70091F522 /* Debug */ = {
			isa = XCBuildConfiguration;
			buildSettings = {
				ALWAYS_SEARCH_USER_PATHS = NO;
				CLANG_ANALYZER_NONNULL = YES;
				CLANG_ANALYZER_NUMBER_OBJECT_CONVERSION = YES_AGGRESSIVE;
				CLANG_CXX_LANGUAGE_STANDARD = "gnu++14";
				CLANG_CXX_LIBRARY = "libc++";
				CLANG_ENABLE_MODULES = YES;
				CLANG_ENABLE_OBJC_ARC = YES;
				CLANG_ENABLE_OBJC_WEAK = YES;
				CLANG_WARN_BLOCK_CAPTURE_AUTORELEASING = YES;
				CLANG_WARN_BOOL_CONVERSION = YES;
				CLANG_WARN_COMMA = YES;
				CLANG_WARN_CONSTANT_CONVERSION = YES;
				CLANG_WARN_DEPRECATED_OBJC_IMPLEMENTATIONS = YES;
				CLANG_WARN_DIRECT_OBJC_ISA_USAGE = YES_ERROR;
				CLANG_WARN_DOCUMENTATION_COMMENTS = YES;
				CLANG_WARN_EMPTY_BODY = YES;
				CLANG_WARN_ENUM_CONVERSION = YES;
				CLANG_WARN_INFINITE_RECURSION = YES;
				CLANG_WARN_INT_CONVERSION = YES;
				CLANG_WARN_NON_LITERAL_NULL_CONVERSION = YES;
				CLANG_WARN_OBJC_IMPLICIT_RETAIN_SELF = YES;
				CLANG_WARN_OBJC_LITERAL_CONVERSION = YES;
				CLANG_WARN_OBJC_ROOT_CLASS = YES_ERROR;
				CLANG_WARN_RANGE_LOOP_ANALYSIS = YES;
				CLANG_WARN_STRICT_PROTOTYPES = YES;
				CLANG_WARN_SUSPICIOUS_MOVE = YES;
				CLANG_WARN_UNGUARDED_AVAILABILITY = YES_AGGRESSIVE;
				CLANG_WARN_UNREACHABLE_CODE = YES;
				CLANG_WARN__DUPLICATE_METHOD_MATCH = YES;
				CODE_SIGN_IDENTITY = "iPhone Developer";
				COPY_PHASE_STRIP = NO;
				DEBUG_INFORMATION_FORMAT = dwarf;
				ENABLE_STRICT_OBJC_MSGSEND = YES;
				ENABLE_TESTABILITY = YES;
				GCC_C_LANGUAGE_STANDARD = gnu11;
				GCC_DYNAMIC_NO_PIC = NO;
				GCC_NO_COMMON_BLOCKS = YES;
				GCC_OPTIMIZATION_LEVEL = 0;
				GCC_PREPROCESSOR_DEFINITIONS = (
					"DEBUG=1",
					"$(inherited)",
				);
				GCC_WARN_64_TO_32_BIT_CONVERSION = YES;
				GCC_WARN_ABOUT_RETURN_TYPE = YES_ERROR;
				GCC_WARN_UNDECLARED_SELECTOR = YES;
				GCC_WARN_UNINITIALIZED_AUTOS = YES_AGGRESSIVE;
				GCC_WARN_UNUSED_FUNCTION = YES;
				GCC_WARN_UNUSED_VARIABLE = YES;
				IPHONEOS_DEPLOYMENT_TARGET = 12.1;
				MTL_ENABLE_DEBUG_INFO = INCLUDE_SOURCE;
				MTL_FAST_MATH = YES;
				ONLY_ACTIVE_ARCH = YES;
				SDKROOT = iphoneos;
				SWIFT_ACTIVE_COMPILATION_CONDITIONS = DEBUG;
				SWIFT_OPTIMIZATION_LEVEL = "-Onone";
			};
			name = Debug;
		};
		D7D6B4422234BAC70091F522 /* Release */ = {
			isa = XCBuildConfiguration;
			buildSettings = {
				ALWAYS_SEARCH_USER_PATHS = NO;
				CLANG_ANALYZER_NONNULL = YES;
				CLANG_ANALYZER_NUMBER_OBJECT_CONVERSION = YES_AGGRESSIVE;
				CLANG_CXX_LANGUAGE_STANDARD = "gnu++14";
				CLANG_CXX_LIBRARY = "libc++";
				CLANG_ENABLE_MODULES = YES;
				CLANG_ENABLE_OBJC_ARC = YES;
				CLANG_ENABLE_OBJC_WEAK = YES;
				CLANG_WARN_BLOCK_CAPTURE_AUTORELEASING = YES;
				CLANG_WARN_BOOL_CONVERSION = YES;
				CLANG_WARN_COMMA = YES;
				CLANG_WARN_CONSTANT_CONVERSION = YES;
				CLANG_WARN_DEPRECATED_OBJC_IMPLEMENTATIONS = YES;
				CLANG_WARN_DIRECT_OBJC_ISA_USAGE = YES_ERROR;
				CLANG_WARN_DOCUMENTATION_COMMENTS = YES;
				CLANG_WARN_EMPTY_BODY = YES;
				CLANG_WARN_ENUM_CONVERSION = YES;
				CLANG_WARN_INFINITE_RECURSION = YES;
				CLANG_WARN_INT_CONVERSION = YES;
				CLANG_WARN_NON_LITERAL_NULL_CONVERSION = YES;
				CLANG_WARN_OBJC_IMPLICIT_RETAIN_SELF = YES;
				CLANG_WARN_OBJC_LITERAL_CONVERSION = YES;
				CLANG_WARN_OBJC_ROOT_CLASS = YES_ERROR;
				CLANG_WARN_RANGE_LOOP_ANALYSIS = YES;
				CLANG_WARN_STRICT_PROTOTYPES = YES;
				CLANG_WARN_SUSPICIOUS_MOVE = YES;
				CLANG_WARN_UNGUARDED_AVAILABILITY = YES_AGGRESSIVE;
				CLANG_WARN_UNREACHABLE_CODE = YES;
				CLANG_WARN__DUPLICATE_METHOD_MATCH = YES;
				CODE_SIGN_IDENTITY = "iPhone Developer";
				COPY_PHASE_STRIP = NO;
				DEBUG_INFORMATION_FORMAT = "dwarf-with-dsym";
				ENABLE_NS_ASSERTIONS = NO;
				ENABLE_STRICT_OBJC_MSGSEND = YES;
				GCC_C_LANGUAGE_STANDARD = gnu11;
				GCC_NO_COMMON_BLOCKS = YES;
				GCC_WARN_64_TO_32_BIT_CONVERSION = YES;
				GCC_WARN_ABOUT_RETURN_TYPE = YES_ERROR;
				GCC_WARN_UNDECLARED_SELECTOR = YES;
				GCC_WARN_UNINITIALIZED_AUTOS = YES_AGGRESSIVE;
				GCC_WARN_UNUSED_FUNCTION = YES;
				GCC_WARN_UNUSED_VARIABLE = YES;
				IPHONEOS_DEPLOYMENT_TARGET = 12.1;
				MTL_ENABLE_DEBUG_INFO = NO;
				MTL_FAST_MATH = YES;
				SDKROOT = iphoneos;
				SWIFT_COMPILATION_MODE = wholemodule;
				SWIFT_OPTIMIZATION_LEVEL = "-O";
				VALIDATE_PRODUCT = YES;
			};
			name = Release;
		};
		D7D6B4442234BAC70091F522 /* Debug */ = {
			isa = XCBuildConfiguration;
			buildSettings = {
				ASSETCATALOG_COMPILER_APPICON_NAME = AppIcon;
				CODE_SIGN_STYLE = Automatic;
				DEVELOPMENT_TEAM = JL7TCK5Y58;
				INFOPLIST_FILE = "Rethought-project/Info.plist";
				LD_RUNPATH_SEARCH_PATHS = (
					"$(inherited)",
					"@executable_path/Frameworks",
				);
				PRODUCT_BUNDLE_IDENTIFIER = "io.gifton.Rethought-project";
				PRODUCT_NAME = "$(TARGET_NAME)";
				SWIFT_VERSION = 5.0;
				TARGETED_DEVICE_FAMILY = "1,2";
			};
			name = Debug;
		};
		D7D6B4452234BAC70091F522 /* Release */ = {
			isa = XCBuildConfiguration;
			buildSettings = {
				ASSETCATALOG_COMPILER_APPICON_NAME = AppIcon;
				CODE_SIGN_STYLE = Automatic;
				DEVELOPMENT_TEAM = JL7TCK5Y58;
				INFOPLIST_FILE = "Rethought-project/Info.plist";
				LD_RUNPATH_SEARCH_PATHS = (
					"$(inherited)",
					"@executable_path/Frameworks",
				);
				PRODUCT_BUNDLE_IDENTIFIER = "io.gifton.Rethought-project";
				PRODUCT_NAME = "$(TARGET_NAME)";
				SWIFT_VERSION = 5.0;
				TARGETED_DEVICE_FAMILY = "1,2";
			};
			name = Release;
		};
/* End XCBuildConfiguration section */

/* Begin XCConfigurationList section */
		D7D6B42C2234BAC60091F522 /* Build configuration list for PBXProject "Rethought-project" */ = {
			isa = XCConfigurationList;
			buildConfigurations = (
				D7D6B4412234BAC70091F522 /* Debug */,
				D7D6B4422234BAC70091F522 /* Release */,
			);
			defaultConfigurationIsVisible = 0;
			defaultConfigurationName = Release;
		};
		D7D6B4432234BAC70091F522 /* Build configuration list for PBXNativeTarget "Rethought-project" */ = {
			isa = XCConfigurationList;
			buildConfigurations = (
				D7D6B4442234BAC70091F522 /* Debug */,
				D7D6B4452234BAC70091F522 /* Release */,
			);
			defaultConfigurationIsVisible = 0;
			defaultConfigurationName = Release;
		};
/* End XCConfigurationList section */

/* Begin XCVersionGroup section */
		D7D6B4712234BE560091F522 /* rt-pDB.xcdatamodeld */ = {
			isa = XCVersionGroup;
			children = (
				D7D6B4722234BE560091F522 /* rt-pDB.xcdatamodel */,
			);
			currentVersion = D7D6B4722234BE560091F522 /* rt-pDB.xcdatamodel */;
			path = "rt-pDB.xcdatamodeld";
			sourceTree = "<group>";
			versionGroupType = wrapper.xcdatamodel;
		};
/* End XCVersionGroup section */
	};
	rootObject = D7D6B4292234BAC60091F522 /* Project object */;
}
