// !$*UTF8*$!
{
	archiveVersion = 1;
	classes = {
	};
	objectVersion = 50;
	objects = {

/* Begin PBXBuildFile section */
		D7026FBE21ACD40400D936B6 /* LinkCell.xib in Resources */ = {isa = PBXBuildFile; fileRef = D7026FBD21ACD40400D936B6 /* LinkCell.xib */; };
		D7026FC021ACD43B00D936B6 /* DashCell.swift in Sources */ = {isa = PBXBuildFile; fileRef = D7026FBF21ACD43B00D936B6 /* DashCell.swift */; };
		D7048FA221AA1BD300C76DB2 /* Constants.swift in Sources */ = {isa = PBXBuildFile; fileRef = D7048FA121AA1BD300C76DB2 /* Constants.swift */; };
		D7048FA421AA1C0400C76DB2 /* Styling.swift in Sources */ = {isa = PBXBuildFile; fileRef = D7048FA321AA1C0400C76DB2 /* Styling.swift */; };
		D7048FA721AA1C6400C76DB2 /* MasterController.swift in Sources */ = {isa = PBXBuildFile; fileRef = D7048FA621AA1C6400C76DB2 /* MasterController.swift */; };
		D7048FA921AA1C9900C76DB2 /* MasterCell.swift in Sources */ = {isa = PBXBuildFile; fileRef = D7048FA821AA1C9900C76DB2 /* MasterCell.swift */; };
		D75F866E21A60CE100F6E008 /* AppDelegate.swift in Sources */ = {isa = PBXBuildFile; fileRef = D75F866D21A60CE100F6E008 /* AppDelegate.swift */; };
		D75F867021A60CE100F6E008 /* MasterView.swift in Sources */ = {isa = PBXBuildFile; fileRef = D75F866F21A60CE100F6E008 /* MasterView.swift */; };
		D75F867521A60CE200F6E008 /* Assets.xcassets in Resources */ = {isa = PBXBuildFile; fileRef = D75F867421A60CE200F6E008 /* Assets.xcassets */; };
		D75F867821A60CE200F6E008 /* LaunchScreen.storyboard in Resources */ = {isa = PBXBuildFile; fileRef = D75F867621A60CE200F6E008 /* LaunchScreen.storyboard */; };
/* End PBXBuildFile section */

/* Begin PBXFileReference section */
		D7026FBD21ACD40400D936B6 /* LinkCell.xib */ = {isa = PBXFileReference; lastKnownFileType = file.xib; path = LinkCell.xib; sourceTree = "<group>"; };
		D7026FBF21ACD43B00D936B6 /* DashCell.swift */ = {isa = PBXFileReference; lastKnownFileType = sourcecode.swift; path = DashCell.swift; sourceTree = "<group>"; };
		D7048FA121AA1BD300C76DB2 /* Constants.swift */ = {isa = PBXFileReference; lastKnownFileType = sourcecode.swift; path = Constants.swift; sourceTree = "<group>"; };
		D7048FA321AA1C0400C76DB2 /* Styling.swift */ = {isa = PBXFileReference; lastKnownFileType = sourcecode.swift; path = Styling.swift; sourceTree = "<group>"; };
		D7048FA621AA1C6400C76DB2 /* MasterController.swift */ = {isa = PBXFileReference; lastKnownFileType = sourcecode.swift; path = MasterController.swift; sourceTree = "<group>"; };
		D7048FA821AA1C9900C76DB2 /* MasterCell.swift */ = {isa = PBXFileReference; lastKnownFileType = sourcecode.swift; path = MasterCell.swift; sourceTree = "<group>"; };
		D75F866A21A60CE100F6E008 /* Rethought.app */ = {isa = PBXFileReference; explicitFileType = wrapper.application; includeInIndex = 0; path = Rethought.app; sourceTree = BUILT_PRODUCTS_DIR; };
		D75F866D21A60CE100F6E008 /* AppDelegate.swift */ = {isa = PBXFileReference; lastKnownFileType = sourcecode.swift; path = AppDelegate.swift; sourceTree = "<group>"; };
		D75F866F21A60CE100F6E008 /* MasterView.swift */ = {isa = PBXFileReference; lastKnownFileType = sourcecode.swift; path = MasterView.swift; sourceTree = "<group>"; };
		D75F867421A60CE200F6E008 /* Assets.xcassets */ = {isa = PBXFileReference; lastKnownFileType = folder.assetcatalog; path = Assets.xcassets; sourceTree = "<group>"; };
		D75F867721A60CE200F6E008 /* Base */ = {isa = PBXFileReference; lastKnownFileType = file.storyboard; name = Base; path = Base.lproj/LaunchScreen.storyboard; sourceTree = "<group>"; };
		D75F867921A60CE200F6E008 /* Info.plist */ = {isa = PBXFileReference; lastKnownFileType = text.plist.xml; path = Info.plist; sourceTree = "<group>"; };
/* End PBXFileReference section */

/* Begin PBXFrameworksBuildPhase section */
		D75F866721A60CE100F6E008 /* Frameworks */ = {
			isa = PBXFrameworksBuildPhase;
			buildActionMask = 2147483647;
			files = (
			);
			runOnlyForDeploymentPostprocessing = 0;
		};
/* End PBXFrameworksBuildPhase section */

/* Begin PBXGroup section */
		D7048FA521AA1C5500C76DB2 /* View */ = {
			isa = PBXGroup;
			children = (
				D75F866F21A60CE100F6E008 /* MasterView.swift */,
				D7048FA821AA1C9900C76DB2 /* MasterCell.swift */,
				D7026FBF21ACD43B00D936B6 /* DashCell.swift */,
			);
			path = View;
			sourceTree = "<group>";
		};
		D75F866121A60CE100F6E008 = {
			isa = PBXGroup;
			children = (
				D75F866C21A60CE100F6E008 /* Rethought */,
				D75F866B21A60CE100F6E008 /* Products */,
			);
			sourceTree = "<group>";
		};
		D75F866B21A60CE100F6E008 /* Products */ = {
			isa = PBXGroup;
			children = (
				D75F866A21A60CE100F6E008 /* Rethought.app */,
			);
			name = Products;
			sourceTree = "<group>";
		};
		D75F866C21A60CE100F6E008 /* Rethought */ = {
			isa = PBXGroup;
			children = (
				D7048FA621AA1C6400C76DB2 /* MasterController.swift */,
				D7048FA521AA1C5500C76DB2 /* View */,
				D75F868021A60E3200F6E008 /* Helpers */,
				D75F867F21A60D5900F6E008 /* extension */,
				D75F866D21A60CE100F6E008 /* AppDelegate.swift */,
				D75F867421A60CE200F6E008 /* Assets.xcassets */,
				D75F867621A60CE200F6E008 /* LaunchScreen.storyboard */,
				D75F867921A60CE200F6E008 /* Info.plist */,
				D7026FBD21ACD40400D936B6 /* LinkCell.xib */,
			);
			path = Rethought;
			sourceTree = "<group>";
		};
		D75F867F21A60D5900F6E008 /* extension */ = {
			isa = PBXGroup;
			children = (
				D7048FA121AA1BD300C76DB2 /* Constants.swift */,
				D7048FA321AA1C0400C76DB2 /* Styling.swift */,
			);
			path = extension;
			sourceTree = "<group>";
		};
		D75F868021A60E3200F6E008 /* Helpers */ = {
			isa = PBXGroup;
			children = (
			);
			path = Helpers;
			sourceTree = "<group>";
		};
/* End PBXGroup section */

/* Begin PBXNativeTarget section */
		D75F866921A60CE100F6E008 /* Rethought */ = {
			isa = PBXNativeTarget;
			buildConfigurationList = D75F867C21A60CE200F6E008 /* Build configuration list for PBXNativeTarget "Rethought" */;
			buildPhases = (
				D75F866621A60CE100F6E008 /* Sources */,
				D75F866721A60CE100F6E008 /* Frameworks */,
				D75F866821A60CE100F6E008 /* Resources */,
			);
			buildRules = (
			);
			dependencies = (
			);
			name = Rethought;
			productName = Rethought;
			productReference = D75F866A21A60CE100F6E008 /* Rethought.app */;
			productType = "com.apple.product-type.application";
		};
/* End PBXNativeTarget section */

/* Begin PBXProject section */
		D75F866221A60CE100F6E008 /* Project object */ = {
			isa = PBXProject;
			attributes = {
				LastSwiftUpdateCheck = 1010;
				LastUpgradeCheck = 1010;
				ORGANIZATIONNAME = Wesaturate;
				TargetAttributes = {
					D75F866921A60CE100F6E008 = {
						CreatedOnToolsVersion = 10.1;
					};
				};
			};
			buildConfigurationList = D75F866521A60CE100F6E008 /* Build configuration list for PBXProject "Rethought" */;
			compatibilityVersion = "Xcode 9.3";
			developmentRegion = en;
			hasScannedForEncodings = 0;
			knownRegions = (
				en,
				Base,
			);
			mainGroup = D75F866121A60CE100F6E008;
			productRefGroup = D75F866B21A60CE100F6E008 /* Products */;
			projectDirPath = "";
			projectRoot = "";
			targets = (
				D75F866921A60CE100F6E008 /* Rethought */,
			);
		};
/* End PBXProject section */

/* Begin PBXResourcesBuildPhase section */
		D75F866821A60CE100F6E008 /* Resources */ = {
			isa = PBXResourcesBuildPhase;
			buildActionMask = 2147483647;
			files = (
				D7026FBE21ACD40400D936B6 /* LinkCell.xib in Resources */,
				D75F867821A60CE200F6E008 /* LaunchScreen.storyboard in Resources */,
				D75F867521A60CE200F6E008 /* Assets.xcassets in Resources */,
			);
			runOnlyForDeploymentPostprocessing = 0;
		};
/* End PBXResourcesBuildPhase section */

/* Begin PBXSourcesBuildPhase section */
		D75F866621A60CE100F6E008 /* Sources */ = {
			isa = PBXSourcesBuildPhase;
			buildActionMask = 2147483647;
			files = (
				D75F867021A60CE100F6E008 /* MasterView.swift in Sources */,
				D7048FA421AA1C0400C76DB2 /* Styling.swift in Sources */,
				D7048FA721AA1C6400C76DB2 /* MasterController.swift in Sources */,
				D75F866E21A60CE100F6E008 /* AppDelegate.swift in Sources */,
				D7048FA921AA1C9900C76DB2 /* MasterCell.swift in Sources */,
				D7026FC021ACD43B00D936B6 /* DashCell.swift in Sources */,
				D7048FA221AA1BD300C76DB2 /* Constants.swift in Sources */,
			);
			runOnlyForDeploymentPostprocessing = 0;
		};
/* End PBXSourcesBuildPhase section */

/* Begin PBXVariantGroup section */
		D75F867621A60CE200F6E008 /* LaunchScreen.storyboard */ = {
			isa = PBXVariantGroup;
			children = (
				D75F867721A60CE200F6E008 /* Base */,
			);
			name = LaunchScreen.storyboard;
			sourceTree = "<group>";
		};
/* End PBXVariantGroup section */

/* Begin XCBuildConfiguration section */
		D75F867A21A60CE200F6E008 /* Debug */ = {
			isa = XCBuildConfiguration;
			buildSettings = {
				ALWAYS_SEARCH_USER_PATHS = NO;
				CLANG_ANALYZER_NONNULL = YES;
				CLANG_ANALYZER_NUMBER_OBJECT_CONVERSION = YES_AGGRESSIVE;
				CLANG_CXX_LANGUAGE_STANDARD = "gnu++14";
				CLANG_CXX_LIBRARY = "libc++";
				CLANG_ENABLE_MODULES = YES;
				CLANG_ENABLE_OBJC_ARC = YES;
				CLANG_ENABLE_OBJC_WEAK = YES;
				CLANG_WARN_BLOCK_CAPTURE_AUTORELEASING = YES;
				CLANG_WARN_BOOL_CONVERSION = YES;
				CLANG_WARN_COMMA = YES;
				CLANG_WARN_CONSTANT_CONVERSION = YES;
				CLANG_WARN_DEPRECATED_OBJC_IMPLEMENTATIONS = YES;
				CLANG_WARN_DIRECT_OBJC_ISA_USAGE = YES_ERROR;
				CLANG_WARN_DOCUMENTATION_COMMENTS = YES;
				CLANG_WARN_EMPTY_BODY = YES;
				CLANG_WARN_ENUM_CONVERSION = YES;
				CLANG_WARN_INFINITE_RECURSION = YES;
				CLANG_WARN_INT_CONVERSION = YES;
				CLANG_WARN_NON_LITERAL_NULL_CONVERSION = YES;
				CLANG_WARN_OBJC_IMPLICIT_RETAIN_SELF = YES;
				CLANG_WARN_OBJC_LITERAL_CONVERSION = YES;
				CLANG_WARN_OBJC_ROOT_CLASS = YES_ERROR;
				CLANG_WARN_RANGE_LOOP_ANALYSIS = YES;
				CLANG_WARN_STRICT_PROTOTYPES = YES;
				CLANG_WARN_SUSPICIOUS_MOVE = YES;
				CLANG_WARN_UNGUARDED_AVAILABILITY = YES_AGGRESSIVE;
				CLANG_WARN_UNREACHABLE_CODE = YES;
				CLANG_WARN__DUPLICATE_METHOD_MATCH = YES;
				CODE_SIGN_IDENTITY = "iPhone Developer";
				COPY_PHASE_STRIP = NO;
				DEBUG_INFORMATION_FORMAT = dwarf;
				ENABLE_STRICT_OBJC_MSGSEND = YES;
				ENABLE_TESTABILITY = YES;
				GCC_C_LANGUAGE_STANDARD = gnu11;
				GCC_DYNAMIC_NO_PIC = NO;
				GCC_NO_COMMON_BLOCKS = YES;
				GCC_OPTIMIZATION_LEVEL = 0;
				GCC_PREPROCESSOR_DEFINITIONS = (
					"DEBUG=1",
					"$(inherited)",
				);
				GCC_WARN_64_TO_32_BIT_CONVERSION = YES;
				GCC_WARN_ABOUT_RETURN_TYPE = YES_ERROR;
				GCC_WARN_UNDECLARED_SELECTOR = YES;
				GCC_WARN_UNINITIALIZED_AUTOS = YES_AGGRESSIVE;
				GCC_WARN_UNUSED_FUNCTION = YES;
				GCC_WARN_UNUSED_VARIABLE = YES;
				IPHONEOS_DEPLOYMENT_TARGET = 12.1;
				MTL_ENABLE_DEBUG_INFO = INCLUDE_SOURCE;
				MTL_FAST_MATH = YES;
				ONLY_ACTIVE_ARCH = YES;
				SDKROOT = iphoneos;
				SWIFT_ACTIVE_COMPILATION_CONDITIONS = DEBUG;
				SWIFT_OPTIMIZATION_LEVEL = "-Onone";
			};
			name = Debug;
		};
		D75F867B21A60CE200F6E008 /* Release */ = {
			isa = XCBuildConfiguration;
			buildSettings = {
				ALWAYS_SEARCH_USER_PATHS = NO;
				CLANG_ANALYZER_NONNULL = YES;
				CLANG_ANALYZER_NUMBER_OBJECT_CONVERSION = YES_AGGRESSIVE;
				CLANG_CXX_LANGUAGE_STANDARD = "gnu++14";
				CLANG_CXX_LIBRARY = "libc++";
				CLANG_ENABLE_MODULES = YES;
				CLANG_ENABLE_OBJC_ARC = YES;
				CLANG_ENABLE_OBJC_WEAK = YES;
				CLANG_WARN_BLOCK_CAPTURE_AUTORELEASING = YES;
				CLANG_WARN_BOOL_CONVERSION = YES;
				CLANG_WARN_COMMA = YES;
				CLANG_WARN_CONSTANT_CONVERSION = YES;
				CLANG_WARN_DEPRECATED_OBJC_IMPLEMENTATIONS = YES;
				CLANG_WARN_DIRECT_OBJC_ISA_USAGE = YES_ERROR;
				CLANG_WARN_DOCUMENTATION_COMMENTS = YES;
				CLANG_WARN_EMPTY_BODY = YES;
				CLANG_WARN_ENUM_CONVERSION = YES;
				CLANG_WARN_INFINITE_RECURSION = YES;
				CLANG_WARN_INT_CONVERSION = YES;
				CLANG_WARN_NON_LITERAL_NULL_CONVERSION = YES;
				CLANG_WARN_OBJC_IMPLICIT_RETAIN_SELF = YES;
				CLANG_WARN_OBJC_LITERAL_CONVERSION = YES;
				CLANG_WARN_OBJC_ROOT_CLASS = YES_ERROR;
				CLANG_WARN_RANGE_LOOP_ANALYSIS = YES;
				CLANG_WARN_STRICT_PROTOTYPES = YES;
				CLANG_WARN_SUSPICIOUS_MOVE = YES;
				CLANG_WARN_UNGUARDED_AVAILABILITY = YES_AGGRESSIVE;
				CLANG_WARN_UNREACHABLE_CODE = YES;
				CLANG_WARN__DUPLICATE_METHOD_MATCH = YES;
				CODE_SIGN_IDENTITY = "iPhone Developer";
				COPY_PHASE_STRIP = NO;
				DEBUG_INFORMATION_FORMAT = "dwarf-with-dsym";
				ENABLE_NS_ASSERTIONS = NO;
				ENABLE_STRICT_OBJC_MSGSEND = YES;
				GCC_C_LANGUAGE_STANDARD = gnu11;
				GCC_NO_COMMON_BLOCKS = YES;
				GCC_WARN_64_TO_32_BIT_CONVERSION = YES;
				GCC_WARN_ABOUT_RETURN_TYPE = YES_ERROR;
				GCC_WARN_UNDECLARED_SELECTOR = YES;
				GCC_WARN_UNINITIALIZED_AUTOS = YES_AGGRESSIVE;
				GCC_WARN_UNUSED_FUNCTION = YES;
				GCC_WARN_UNUSED_VARIABLE = YES;
				IPHONEOS_DEPLOYMENT_TARGET = 12.1;
				MTL_ENABLE_DEBUG_INFO = NO;
				MTL_FAST_MATH = YES;
				SDKROOT = iphoneos;
				SWIFT_COMPILATION_MODE = wholemodule;
				SWIFT_OPTIMIZATION_LEVEL = "-O";
				VALIDATE_PRODUCT = YES;
			};
			name = Release;
		};
		D75F867D21A60CE200F6E008 /* Debug */ = {
			isa = XCBuildConfiguration;
			buildSettings = {
				ASSETCATALOG_COMPILER_APPICON_NAME = AppIcon;
				CODE_SIGN_STYLE = Automatic;
				DEVELOPMENT_TEAM = JL7TCK5Y58;
				INFOPLIST_FILE = Rethought/Info.plist;
				IPHONEOS_DEPLOYMENT_TARGET = 11.4;
				LD_RUNPATH_SEARCH_PATHS = (
					"$(inherited)",
					"@executable_path/Frameworks",
				);
				PRODUCT_BUNDLE_IDENTIFIER = io.gifton.Rethought;
				PRODUCT_NAME = "$(TARGET_NAME)";
				SWIFT_VERSION = 4.2;
				TARGETED_DEVICE_FAMILY = "1,2";
			};
			name = Debug;
		};
		D75F867E21A60CE200F6E008 /* Release */ = {
			isa = XCBuildConfiguration;
			buildSettings = {
				ASSETCATALOG_COMPILER_APPICON_NAME = AppIcon;
				CODE_SIGN_STYLE = Automatic;
				DEVELOPMENT_TEAM = JL7TCK5Y58;
				INFOPLIST_FILE = Rethought/Info.plist;
				IPHONEOS_DEPLOYMENT_TARGET = 11.4;
				LD_RUNPATH_SEARCH_PATHS = (
					"$(inherited)",
					"@executable_path/Frameworks",
				);
				PRODUCT_BUNDLE_IDENTIFIER = io.gifton.Rethought;
				PRODUCT_NAME = "$(TARGET_NAME)";
				SWIFT_VERSION = 4.2;
				TARGETED_DEVICE_FAMILY = "1,2";
			};
			name = Release;
		};
/* End XCBuildConfiguration section */

/* Begin XCConfigurationList section */
		D75F866521A60CE100F6E008 /* Build configuration list for PBXProject "Rethought" */ = {
			isa = XCConfigurationList;
			buildConfigurations = (
				D75F867A21A60CE200F6E008 /* Debug */,
				D75F867B21A60CE200F6E008 /* Release */,
			);
			defaultConfigurationIsVisible = 0;
			defaultConfigurationName = Release;
		};
		D75F867C21A60CE200F6E008 /* Build configuration list for PBXNativeTarget "Rethought" */ = {
			isa = XCConfigurationList;
			buildConfigurations = (
				D75F867D21A60CE200F6E008 /* Debug */,
				D75F867E21A60CE200F6E008 /* Release */,
			);
			defaultConfigurationIsVisible = 0;
			defaultConfigurationName = Release;
		};
/* End XCConfigurationList section */
	};
	rootObject = D75F866221A60CE100F6E008 /* Project object */;
}
